
Microsoft Visual Studio Solution File, Format Version 12.00
# Visual Studio Version 17
VisualStudioVersion = 17.0.31903.59
MinimumVisualStudioVersion = 10.0.40219.1
Project("{FAE04EC0-301F-11D3-BF4B-00C04F79EFBC}") = "HomeStorage.Api", "src\HomeStorage.Api\HomeStorage.Api.csproj", "{2CDF96BF-A1CC-442E-9A37-E03D5FE734E9}"
EndProject
Project("{FAE04EC0-301F-11D3-BF4B-00C04F79EFBC}") = "HomeStorage.Core", "src\HomeStorage.Core\HomeStorage.Core.csproj", "{4A5AFBCD-9BAA-4DCA-A451-1EE3110FDE9F}"
EndProject
Project("{FAE04EC0-301F-11D3-BF4B-00C04F79EFBC}") = "HomeStorage.Web", "src\HomeStorage.Web\HomeStorage.Web.csproj", "{05A7A7AA-E98E-467D-960A-106BB2DCA0F6}"
EndProject
Project("{2150E333-8FDC-42A3-9474-1A3956D46DE8}") = "src", "src", "{827E0CD3-B72D-47B6-A68D-7590B98EB39B}"
EndProject
Project("{FAE04EC0-301F-11D3-BF4B-00C04F79EFBC}") = "HomeStorage.AppHost", "src\HomeStorage.AppHost\HomeStorage.AppHost.csproj", "{4799B669-EB3E-4892-9473-927D532297D7}"
EndProject
Project("{FAE04EC0-301F-11D3-BF4B-00C04F79EFBC}") = "HomeStorage.ServiceDefaults", "src\HomeStorage.ServiceDefaults\HomeStorage.ServiceDefaults.csproj", "{9F129DD3-32C5-440F-AF75-FC149D0AE72C}"
EndProject
Project("{2150E333-8FDC-42A3-9474-1A3956D46DE8}") = "tests", "tests", "{0AB3BF05-4346-4AA6-1389-037BE0695223}"
EndProject
Project("{FAE04EC0-301F-11D3-BF4B-00C04F79EFBC}") = "HomeStorage.Tests", "tests\HomeStorage.Tests\HomeStorage.Tests.csproj", "{B48CF369-8877-404A-9130-6FD894E25BD3}"
EndProject
Global
	GlobalSection(SolutionConfigurationPlatforms) = preSolution
		Debug|Any CPU = Debug|Any CPU
		Debug|x64 = Debug|x64
		Debug|x86 = Debug|x86
		Release|Any CPU = Release|Any CPU
		Release|x64 = Release|x64
		Release|x86 = Release|x86
	EndGlobalSection
	GlobalSection(ProjectConfigurationPlatforms) = postSolution
		{2CDF96BF-A1CC-442E-9A37-E03D5FE734E9}.Debug|Any CPU.ActiveCfg = Debug|Any CPU
		{2CDF96BF-A1CC-442E-9A37-E03D5FE734E9}.Debug|Any CPU.Build.0 = Debug|Any CPU
		{2CDF96BF-A1CC-442E-9A37-E03D5FE734E9}.Debug|x64.ActiveCfg = Debug|Any CPU
		{2CDF96BF-A1CC-442E-9A37-E03D5FE734E9}.Debug|x64.Build.0 = Debug|Any CPU
		{2CDF96BF-A1CC-442E-9A37-E03D5FE734E9}.Debug|x86.ActiveCfg = Debug|Any CPU
		{2CDF96BF-A1CC-442E-9A37-E03D5FE734E9}.Debug|x86.Build.0 = Debug|Any CPU
		{2CDF96BF-A1CC-442E-9A37-E03D5FE734E9}.Release|Any CPU.ActiveCfg = Release|Any CPU
		{2CDF96BF-A1CC-442E-9A37-E03D5FE734E9}.Release|Any CPU.Build.0 = Release|Any CPU
		{2CDF96BF-A1CC-442E-9A37-E03D5FE734E9}.Release|x64.ActiveCfg = Release|Any CPU
		{2CDF96BF-A1CC-442E-9A37-E03D5FE734E9}.Release|x64.Build.0 = Release|Any CPU
		{2CDF96BF-A1CC-442E-9A37-E03D5FE734E9}.Release|x86.ActiveCfg = Release|Any CPU
		{2CDF96BF-A1CC-442E-9A37-E03D5FE734E9}.Release|x86.Build.0 = Release|Any CPU
		{4A5AFBCD-9BAA-4DCA-A451-1EE3110FDE9F}.Debug|Any CPU.ActiveCfg = Debug|Any CPU
		{4A5AFBCD-9BAA-4DCA-A451-1EE3110FDE9F}.Debug|Any CPU.Build.0 = Debug|Any CPU
		{4A5AFBCD-9BAA-4DCA-A451-1EE3110FDE9F}.Debug|x64.ActiveCfg = Debug|Any CPU
		{4A5AFBCD-9BAA-4DCA-A451-1EE3110FDE9F}.Debug|x64.Build.0 = Debug|Any CPU
		{4A5AFBCD-9BAA-4DCA-A451-1EE3110FDE9F}.Debug|x86.ActiveCfg = Debug|Any CPU
		{4A5AFBCD-9BAA-4DCA-A451-1EE3110FDE9F}.Debug|x86.Build.0 = Debug|Any CPU
		{4A5AFBCD-9BAA-4DCA-A451-1EE3110FDE9F}.Release|Any CPU.ActiveCfg = Release|Any CPU
		{4A5AFBCD-9BAA-4DCA-A451-1EE3110FDE9F}.Release|Any CPU.Build.0 = Release|Any CPU
		{4A5AFBCD-9BAA-4DCA-A451-1EE3110FDE9F}.Release|x64.ActiveCfg = Release|Any CPU
		{4A5AFBCD-9BAA-4DCA-A451-1EE3110FDE9F}.Release|x64.Build.0 = Release|Any CPU
		{4A5AFBCD-9BAA-4DCA-A451-1EE3110FDE9F}.Release|x86.ActiveCfg = Release|Any CPU
		{4A5AFBCD-9BAA-4DCA-A451-1EE3110FDE9F}.Release|x86.Build.0 = Release|Any CPU
		{05A7A7AA-E98E-467D-960A-106BB2DCA0F6}.Debug|Any CPU.ActiveCfg = Debug|Any CPU
		{05A7A7AA-E98E-467D-960A-106BB2DCA0F6}.Debug|Any CPU.Build.0 = Debug|Any CPU
		{05A7A7AA-E98E-467D-960A-106BB2DCA0F6}.Debug|x64.ActiveCfg = Debug|Any CPU
		{05A7A7AA-E98E-467D-960A-106BB2DCA0F6}.Debug|x64.Build.0 = Debug|Any CPU
		{05A7A7AA-E98E-467D-960A-106BB2DCA0F6}.Debug|x86.ActiveCfg = Debug|Any CPU
		{05A7A7AA-E98E-467D-960A-106BB2DCA0F6}.Debug|x86.Build.0 = Debug|Any CPU
		{05A7A7AA-E98E-467D-960A-106BB2DCA0F6}.Release|Any CPU.ActiveCfg = Release|Any CPU
		{05A7A7AA-E98E-467D-960A-106BB2DCA0F6}.Release|Any CPU.Build.0 = Release|Any CPU
		{05A7A7AA-E98E-467D-960A-106BB2DCA0F6}.Release|x64.ActiveCfg = Release|Any CPU
		{05A7A7AA-E98E-467D-960A-106BB2DCA0F6}.Release|x64.Build.0 = Release|Any CPU
		{05A7A7AA-E98E-467D-960A-106BB2DCA0F6}.Release|x86.ActiveCfg = Release|Any CPU
		{05A7A7AA-E98E-467D-960A-106BB2DCA0F6}.Release|x86.Build.0 = Release|Any CPU
		{4799B669-EB3E-4892-9473-927D532297D7}.Debug|Any CPU.ActiveCfg = Debug|Any CPU
		{4799B669-EB3E-4892-9473-927D532297D7}.Debug|Any CPU.Build.0 = Debug|Any CPU
		{4799B669-EB3E-4892-9473-927D532297D7}.Debug|x64.ActiveCfg = Debug|Any CPU
		{4799B669-EB3E-4892-9473-927D532297D7}.Debug|x64.Build.0 = Debug|Any CPU
		{4799B669-EB3E-4892-9473-927D532297D7}.Debug|x86.ActiveCfg = Debug|Any CPU
		{4799B669-EB3E-4892-9473-927D532297D7}.Debug|x86.Build.0 = Debug|Any CPU
		{4799B669-EB3E-4892-9473-927D532297D7}.Release|Any CPU.ActiveCfg = Release|Any CPU
		{4799B669-EB3E-4892-9473-927D532297D7}.Release|Any CPU.Build.0 = Release|Any CPU
		{4799B669-EB3E-4892-9473-927D532297D7}.Release|x64.ActiveCfg = Release|Any CPU
		{4799B669-EB3E-4892-9473-927D532297D7}.Release|x64.Build.0 = Release|Any CPU
		{4799B669-EB3E-4892-9473-927D532297D7}.Release|x86.ActiveCfg = Release|Any CPU
		{4799B669-EB3E-4892-9473-927D532297D7}.Release|x86.Build.0 = Release|Any CPU
		{9F129DD3-32C5-440F-AF75-FC149D0AE72C}.Debug|Any CPU.ActiveCfg = Debug|Any CPU
		{9F129DD3-32C5-440F-AF75-FC149D0AE72C}.Debug|Any CPU.Build.0 = Debug|Any CPU
		{9F129DD3-32C5-440F-AF75-FC149D0AE72C}.Debug|x64.ActiveCfg = Debug|Any CPU
		{9F129DD3-32C5-440F-AF75-FC149D0AE72C}.Debug|x64.Build.0 = Debug|Any CPU
		{9F129DD3-32C5-440F-AF75-FC149D0AE72C}.Debug|x86.ActiveCfg = Debug|Any CPU
		{9F129DD3-32C5-440F-AF75-FC149D0AE72C}.Debug|x86.Build.0 = Debug|Any CPU
		{9F129DD3-32C5-440F-AF75-FC149D0AE72C}.Release|Any CPU.ActiveCfg = Release|Any CPU
		{9F129DD3-32C5-440F-AF75-FC149D0AE72C}.Release|Any CPU.Build.0 = Release|Any CPU
		{9F129DD3-32C5-440F-AF75-FC149D0AE72C}.Release|x64.ActiveCfg = Release|Any CPU
		{9F129DD3-32C5-440F-AF75-FC149D0AE72C}.Release|x64.Build.0 = Release|Any CPU
		{9F129DD3-32C5-440F-AF75-FC149D0AE72C}.Release|x86.ActiveCfg = Release|Any CPU
		{9F129DD3-32C5-440F-AF75-FC149D0AE72C}.Release|x86.Build.0 = Release|Any CPU
		{B48CF369-8877-404A-9130-6FD894E25BD3}.Debug|Any CPU.ActiveCfg = Debug|Any CPU
		{B48CF369-8877-404A-9130-6FD894E25BD3}.Debug|Any CPU.Build.0 = Debug|Any CPU
		{B48CF369-8877-404A-9130-6FD894E25BD3}.Debug|x64.ActiveCfg = Debug|Any CPU
		{B48CF369-8877-404A-9130-6FD894E25BD3}.Debug|x64.Build.0 = Debug|Any CPU
		{B48CF369-8877-404A-9130-6FD894E25BD3}.Debug|x86.ActiveCfg = Debug|Any CPU
		{B48CF369-8877-404A-9130-6FD894E25BD3}.Debug|x86.Build.0 = Debug|Any CPU
		{B48CF369-8877-404A-9130-6FD894E25BD3}.Release|Any CPU.ActiveCfg = Release|Any CPU
		{B48CF369-8877-404A-9130-6FD894E25BD3}.Release|Any CPU.Build.0 = Release|Any CPU
		{B48CF369-8877-404A-9130-6FD894E25BD3}.Release|x64.ActiveCfg = Release|Any CPU
		{B48CF369-8877-404A-9130-6FD894E25BD3}.Release|x64.Build.0 = Release|Any CPU
		{B48CF369-8877-404A-9130-6FD894E25BD3}.Release|x86.ActiveCfg = Release|Any CPU
		{B48CF369-8877-404A-9130-6FD894E25BD3}.Release|x86.Build.0 = Release|Any CPU
	EndGlobalSection
	GlobalSection(SolutionProperties) = preSolution
		HideSolutionNode = FALSE
	EndGlobalSection
	GlobalSection(NestedProjects) = preSolution
		{2CDF96BF-A1CC-442E-9A37-E03D5FE734E9} = {827E0CD3-B72D-47B6-A68D-7590B98EB39B}
		{4A5AFBCD-9BAA-4DCA-A451-1EE3110FDE9F} = {827E0CD3-B72D-47B6-A68D-7590B98EB39B}
		{05A7A7AA-E98E-467D-960A-106BB2DCA0F6} = {827E0CD3-B72D-47B6-A68D-7590B98EB39B}
		{4799B669-EB3E-4892-9473-927D532297D7} = {827E0CD3-B72D-47B6-A68D-7590B98EB39B}
		{9F129DD3-32C5-440F-AF75-FC149D0AE72C} = {827E0CD3-B72D-47B6-A68D-7590B98EB39B}
		{B48CF369-8877-404A-9130-6FD894E25BD3} = {0AB3BF05-4346-4AA6-1389-037BE0695223}
	EndGlobalSection
EndGlobal
